
Microsoft Visual Studio Solution File, Format Version 12.00
# Visual Studio Version 17
VisualStudioVersion = 17.4.33213.308
MinimumVisualStudioVersion = 10.0.40219.1
Project("{FAE04EC0-301F-11D3-BF4B-00C04F79EFBC}") = "Bee1983", "Bee1983\Bee1983.csproj", "{12E0D968-91DB-4FA0-B987-1AB87B2F7D11}"
EndProject
Global
	GlobalSection(SolutionConfigurationPlatforms) = preSolution
		Debug|Any CPU = Debug|Any CPU
		Release|Any CPU = Release|Any CPU
	EndGlobalSection
	GlobalSection(ProjectConfigurationPlatforms) = postSolution
		{12E0D968-91DB-4FA0-B987-1AB87B2F7D11}.Debug|Any CPU.ActiveCfg = Debug|Any CPU
		{12E0D968-91DB-4FA0-B987-1AB87B2F7D11}.Debug|Any CPU.Build.0 = Debug|Any CPU
		{12E0D968-91DB-4FA0-B987-1AB87B2F7D11}.Release|Any CPU.ActiveCfg = Release|Any CPU
		{12E0D968-91DB-4FA0-B987-1AB87B2F7D11}.Release|Any CPU.Build.0 = Release|Any CPU
	EndGlobalSection
	GlobalSection(SolutionProperties) = preSolution
		HideSolutionNode = FALSE
	EndGlobalSection
	GlobalSection(ExtensibilityGlobals) = postSolution
		SolutionGuid = {946447C9-91D4-4015-B2A7-19471273217B}
	EndGlobalSection
EndGlobal
