
Microsoft Visual Studio Solution File, Format Version 12.00
# Visual Studio Version 17
VisualStudioVersion = 17.3.32901.215
MinimumVisualStudioVersion = 10.0.40219.1
Project("{FAE04EC0-301F-11D3-BF4B-00C04F79EFBC}") = "Bee1068", "Bee1068\Bee1068.csproj", "{22D2083A-03D0-48C9-9C61-BB279A865B7C}"
EndProject
Global
	GlobalSection(SolutionConfigurationPlatforms) = preSolution
		Debug|Any CPU = Debug|Any CPU
		Release|Any CPU = Release|Any CPU
	EndGlobalSection
	GlobalSection(ProjectConfigurationPlatforms) = postSolution
		{22D2083A-03D0-48C9-9C61-BB279A865B7C}.Debug|Any CPU.ActiveCfg = Debug|Any CPU
		{22D2083A-03D0-48C9-9C61-BB279A865B7C}.Debug|Any CPU.Build.0 = Debug|Any CPU
		{22D2083A-03D0-48C9-9C61-BB279A865B7C}.Release|Any CPU.ActiveCfg = Release|Any CPU
		{22D2083A-03D0-48C9-9C61-BB279A865B7C}.Release|Any CPU.Build.0 = Release|Any CPU
	EndGlobalSection
	GlobalSection(SolutionProperties) = preSolution
		HideSolutionNode = FALSE
	EndGlobalSection
	GlobalSection(ExtensibilityGlobals) = postSolution
		SolutionGuid = {181DDD9E-7CEF-4333-BEE8-5C0F13A0C411}
	EndGlobalSection
EndGlobal
