
Microsoft Visual Studio Solution File, Format Version 12.00
# Visual Studio Version 17
VisualStudioVersion = 17.4.33213.308
MinimumVisualStudioVersion = 10.0.40219.1
Project("{FAE04EC0-301F-11D3-BF4B-00C04F79EFBC}") = "Bee1172", "Bee1172\Bee1172.csproj", "{D7EBC646-23E9-44CD-8E56-FB4B07FA9775}"
EndProject
Global
	GlobalSection(SolutionConfigurationPlatforms) = preSolution
		Debug|Any CPU = Debug|Any CPU
		Release|Any CPU = Release|Any CPU
	EndGlobalSection
	GlobalSection(ProjectConfigurationPlatforms) = postSolution
		{D7EBC646-23E9-44CD-8E56-FB4B07FA9775}.Debug|Any CPU.ActiveCfg = Debug|Any CPU
		{D7EBC646-23E9-44CD-8E56-FB4B07FA9775}.Debug|Any CPU.Build.0 = Debug|Any CPU
		{D7EBC646-23E9-44CD-8E56-FB4B07FA9775}.Release|Any CPU.ActiveCfg = Release|Any CPU
		{D7EBC646-23E9-44CD-8E56-FB4B07FA9775}.Release|Any CPU.Build.0 = Release|Any CPU
	EndGlobalSection
	GlobalSection(SolutionProperties) = preSolution
		HideSolutionNode = FALSE
	EndGlobalSection
	GlobalSection(ExtensibilityGlobals) = postSolution
		SolutionGuid = {468D6714-2CA0-4652-988B-9C8534F143FF}
	EndGlobalSection
EndGlobal
