
Microsoft Visual Studio Solution File, Format Version 12.00
# Visual Studio Version 17
VisualStudioVersion = 17.4.33213.308
MinimumVisualStudioVersion = 10.0.40219.1
Project("{FAE04EC0-301F-11D3-BF4B-00C04F79EFBC}") = "Bee2116", "Bee2116\Bee2116.csproj", "{D4AAFA12-CF21-4004-8EFE-209960EE0914}"
EndProject
Global
	GlobalSection(SolutionConfigurationPlatforms) = preSolution
		Debug|Any CPU = Debug|Any CPU
		Release|Any CPU = Release|Any CPU
	EndGlobalSection
	GlobalSection(ProjectConfigurationPlatforms) = postSolution
		{D4AAFA12-CF21-4004-8EFE-209960EE0914}.Debug|Any CPU.ActiveCfg = Debug|Any CPU
		{D4AAFA12-CF21-4004-8EFE-209960EE0914}.Debug|Any CPU.Build.0 = Debug|Any CPU
		{D4AAFA12-CF21-4004-8EFE-209960EE0914}.Release|Any CPU.ActiveCfg = Release|Any CPU
		{D4AAFA12-CF21-4004-8EFE-209960EE0914}.Release|Any CPU.Build.0 = Release|Any CPU
	EndGlobalSection
	GlobalSection(SolutionProperties) = preSolution
		HideSolutionNode = FALSE
	EndGlobalSection
	GlobalSection(ExtensibilityGlobals) = postSolution
		SolutionGuid = {A6C06641-2535-4C3E-8E68-31164FA35400}
	EndGlobalSection
EndGlobal
